
Microsoft Visual Studio Solution File, Format Version 12.00
# Visual Studio Version 16
VisualStudioVersion = 16.0.31129.286
MinimumVisualStudioVersion = 10.0.40219.1
Project("{FAE04EC0-301F-11D3-BF4B-00C04F79EFBC}") = "DapperForeignKeys", "DapperForeignKeys\DapperForeignKeys.csproj", "{FD11E1EB-DD04-44C2-A562-64D6E9357921}"
EndProject
Global
	GlobalSection(SolutionConfigurationPlatforms) = preSolution
		Debug|Any CPU = Debug|Any CPU
		Release|Any CPU = Release|Any CPU
	EndGlobalSection
	GlobalSection(ProjectConfigurationPlatforms) = postSolution
		{FD11E1EB-DD04-44C2-A562-64D6E9357921}.Debug|Any CPU.ActiveCfg = Debug|Any CPU
		{FD11E1EB-DD04-44C2-A562-64D6E9357921}.Debug|Any CPU.Build.0 = Debug|Any CPU
		{FD11E1EB-DD04-44C2-A562-64D6E9357921}.Release|Any CPU.ActiveCfg = Release|Any CPU
		{FD11E1EB-DD04-44C2-A562-64D6E9357921}.Release|Any CPU.Build.0 = Release|Any CPU
	EndGlobalSection
	GlobalSection(SolutionProperties) = preSolution
		HideSolutionNode = FALSE
	EndGlobalSection
	GlobalSection(ExtensibilityGlobals) = postSolution
		SolutionGuid = {6E6786BF-6E0F-4F52-AAAE-D14E345B9074}
	EndGlobalSection
EndGlobal
