
Microsoft Visual Studio Solution File, Format Version 12.00
# Visual Studio Version 16
VisualStudioVersion = 16.0.31129.286
MinimumVisualStudioVersion = 10.0.40219.1
Project("{FAE04EC0-301F-11D3-BF4B-00C04F79EFBC}") = "MovieAPI", "MovieAPI\MovieAPI.csproj", "{6692D113-BA8F-467E-AC02-1F2F63594CCC}"
EndProject
Global
	GlobalSection(SolutionConfigurationPlatforms) = preSolution
		Debug|Any CPU = Debug|Any CPU
		Release|Any CPU = Release|Any CPU
	EndGlobalSection
	GlobalSection(ProjectConfigurationPlatforms) = postSolution
		{6692D113-BA8F-467E-AC02-1F2F63594CCC}.Debug|Any CPU.ActiveCfg = Debug|Any CPU
		{6692D113-BA8F-467E-AC02-1F2F63594CCC}.Debug|Any CPU.Build.0 = Debug|Any CPU
		{6692D113-BA8F-467E-AC02-1F2F63594CCC}.Release|Any CPU.ActiveCfg = Release|Any CPU
		{6692D113-BA8F-467E-AC02-1F2F63594CCC}.Release|Any CPU.Build.0 = Release|Any CPU
	EndGlobalSection
	GlobalSection(SolutionProperties) = preSolution
		HideSolutionNode = FALSE
	EndGlobalSection
	GlobalSection(ExtensibilityGlobals) = postSolution
		SolutionGuid = {72728695-CEAF-48C6-876F-4038440B366A}
	EndGlobalSection
EndGlobal
