
Microsoft Visual Studio Solution File, Format Version 12.00
# Visual Studio Version 16
VisualStudioVersion = 16.0.31129.286
MinimumVisualStudioVersion = 10.0.40219.1
Project("{FAE04EC0-301F-11D3-BF4B-00C04F79EFBC}") = "Exponents", "Exponents\Exponents.csproj", "{3146BCB1-CC8D-4BB1-B0C0-58D072C248C3}"
EndProject
Global
	GlobalSection(SolutionConfigurationPlatforms) = preSolution
		Debug|Any CPU = Debug|Any CPU
		Release|Any CPU = Release|Any CPU
	EndGlobalSection
	GlobalSection(ProjectConfigurationPlatforms) = postSolution
		{3146BCB1-CC8D-4BB1-B0C0-58D072C248C3}.Debug|Any CPU.ActiveCfg = Debug|Any CPU
		{3146BCB1-CC8D-4BB1-B0C0-58D072C248C3}.Debug|Any CPU.Build.0 = Debug|Any CPU
		{3146BCB1-CC8D-4BB1-B0C0-58D072C248C3}.Release|Any CPU.ActiveCfg = Release|Any CPU
		{3146BCB1-CC8D-4BB1-B0C0-58D072C248C3}.Release|Any CPU.Build.0 = Release|Any CPU
	EndGlobalSection
	GlobalSection(SolutionProperties) = preSolution
		HideSolutionNode = FALSE
	EndGlobalSection
	GlobalSection(ExtensibilityGlobals) = postSolution
		SolutionGuid = {B17A537F-1165-4F24-8048-5DB2B6BE2711}
	EndGlobalSection
EndGlobal
