
Microsoft Visual Studio Solution File, Format Version 12.00
# Visual Studio Version 16
VisualStudioVersion = 16.0.31129.286
MinimumVisualStudioVersion = 10.0.40219.1
Project("{FAE04EC0-301F-11D3-BF4B-00C04F79EFBC}") = "Calculator", "Calculator\Calculator.csproj", "{D259B3B6-30E5-4A01-BFE3-B0E926D77375}"
EndProject
Global
	GlobalSection(SolutionConfigurationPlatforms) = preSolution
		Debug|Any CPU = Debug|Any CPU
		Release|Any CPU = Release|Any CPU
	EndGlobalSection
	GlobalSection(ProjectConfigurationPlatforms) = postSolution
		{D259B3B6-30E5-4A01-BFE3-B0E926D77375}.Debug|Any CPU.ActiveCfg = Debug|Any CPU
		{D259B3B6-30E5-4A01-BFE3-B0E926D77375}.Debug|Any CPU.Build.0 = Debug|Any CPU
		{D259B3B6-30E5-4A01-BFE3-B0E926D77375}.Release|Any CPU.ActiveCfg = Release|Any CPU
		{D259B3B6-30E5-4A01-BFE3-B0E926D77375}.Release|Any CPU.Build.0 = Release|Any CPU
	EndGlobalSection
	GlobalSection(SolutionProperties) = preSolution
		HideSolutionNode = FALSE
	EndGlobalSection
	GlobalSection(ExtensibilityGlobals) = postSolution
		SolutionGuid = {B7D08C79-D6EA-4ACA-89BC-7B561DE0691C}
	EndGlobalSection
EndGlobal
