
Microsoft Visual Studio Solution File, Format Version 12.00
# Visual Studio Version 16
VisualStudioVersion = 16.0.31129.286
MinimumVisualStudioVersion = 10.0.40219.1
Project("{FAE04EC0-301F-11D3-BF4B-00C04F79EFBC}") = "AnimalInterface", "AnimalInterface\AnimalInterface.csproj", "{0458CDD4-D887-4F9A-B4B1-639CBC83365C}"
EndProject
Global
	GlobalSection(SolutionConfigurationPlatforms) = preSolution
		Debug|Any CPU = Debug|Any CPU
		Release|Any CPU = Release|Any CPU
	EndGlobalSection
	GlobalSection(ProjectConfigurationPlatforms) = postSolution
		{0458CDD4-D887-4F9A-B4B1-639CBC83365C}.Debug|Any CPU.ActiveCfg = Debug|Any CPU
		{0458CDD4-D887-4F9A-B4B1-639CBC83365C}.Debug|Any CPU.Build.0 = Debug|Any CPU
		{0458CDD4-D887-4F9A-B4B1-639CBC83365C}.Release|Any CPU.ActiveCfg = Release|Any CPU
		{0458CDD4-D887-4F9A-B4B1-639CBC83365C}.Release|Any CPU.Build.0 = Release|Any CPU
	EndGlobalSection
	GlobalSection(SolutionProperties) = preSolution
		HideSolutionNode = FALSE
	EndGlobalSection
	GlobalSection(ExtensibilityGlobals) = postSolution
		SolutionGuid = {F54FB7AD-F558-4BDB-BC81-BD956F73C49E}
	EndGlobalSection
EndGlobal
