
Microsoft Visual Studio Solution File, Format Version 12.00
# Visual Studio Version 16
VisualStudioVersion = 16.0.31129.286
MinimumVisualStudioVersion = 10.0.40219.1
Project("{FAE04EC0-301F-11D3-BF4B-00C04F79EFBC}") = "LinqExample", "LinqExample\LinqExample.csproj", "{0FB58940-2654-4D3A-8E93-C36730B78559}"
EndProject
Global
	GlobalSection(SolutionConfigurationPlatforms) = preSolution
		Debug|Any CPU = Debug|Any CPU
		Release|Any CPU = Release|Any CPU
	EndGlobalSection
	GlobalSection(ProjectConfigurationPlatforms) = postSolution
		{0FB58940-2654-4D3A-8E93-C36730B78559}.Debug|Any CPU.ActiveCfg = Debug|Any CPU
		{0FB58940-2654-4D3A-8E93-C36730B78559}.Debug|Any CPU.Build.0 = Debug|Any CPU
		{0FB58940-2654-4D3A-8E93-C36730B78559}.Release|Any CPU.ActiveCfg = Release|Any CPU
		{0FB58940-2654-4D3A-8E93-C36730B78559}.Release|Any CPU.Build.0 = Release|Any CPU
	EndGlobalSection
	GlobalSection(SolutionProperties) = preSolution
		HideSolutionNode = FALSE
	EndGlobalSection
	GlobalSection(ExtensibilityGlobals) = postSolution
		SolutionGuid = {5529A9C2-64E3-4ABC-BB07-58EF5CA1484A}
	EndGlobalSection
EndGlobal
