
Microsoft Visual Studio Solution File, Format Version 12.00
# Visual Studio Version 16
VisualStudioVersion = 16.0.31129.286
MinimumVisualStudioVersion = 10.0.40219.1
Project("{FAE04EC0-301F-11D3-BF4B-00C04F79EFBC}") = "IntroNet", "IntroNet\IntroNet.csproj", "{02E35E6A-AE61-4017-A8B3-444FF945B350}"
EndProject
Global
	GlobalSection(SolutionConfigurationPlatforms) = preSolution
		Debug|Any CPU = Debug|Any CPU
		Release|Any CPU = Release|Any CPU
	EndGlobalSection
	GlobalSection(ProjectConfigurationPlatforms) = postSolution
		{02E35E6A-AE61-4017-A8B3-444FF945B350}.Debug|Any CPU.ActiveCfg = Debug|Any CPU
		{02E35E6A-AE61-4017-A8B3-444FF945B350}.Debug|Any CPU.Build.0 = Debug|Any CPU
		{02E35E6A-AE61-4017-A8B3-444FF945B350}.Release|Any CPU.ActiveCfg = Release|Any CPU
		{02E35E6A-AE61-4017-A8B3-444FF945B350}.Release|Any CPU.Build.0 = Release|Any CPU
	EndGlobalSection
	GlobalSection(SolutionProperties) = preSolution
		HideSolutionNode = FALSE
	EndGlobalSection
	GlobalSection(ExtensibilityGlobals) = postSolution
		SolutionGuid = {F83A5DB8-4925-406E-8C32-5FDE9484003E}
	EndGlobalSection
EndGlobal
