
Microsoft Visual Studio Solution File, Format Version 12.00
# Visual Studio Version 16
VisualStudioVersion = 16.0.31129.286
MinimumVisualStudioVersion = 10.0.40219.1
Project("{FAE04EC0-301F-11D3-BF4B-00C04F79EFBC}") = "Lists", "Lists\Lists.csproj", "{392F6473-7C67-4AC8-9547-BB6592E66805}"
EndProject
Global
	GlobalSection(SolutionConfigurationPlatforms) = preSolution
		Debug|Any CPU = Debug|Any CPU
		Release|Any CPU = Release|Any CPU
	EndGlobalSection
	GlobalSection(ProjectConfigurationPlatforms) = postSolution
		{392F6473-7C67-4AC8-9547-BB6592E66805}.Debug|Any CPU.ActiveCfg = Debug|Any CPU
		{392F6473-7C67-4AC8-9547-BB6592E66805}.Debug|Any CPU.Build.0 = Debug|Any CPU
		{392F6473-7C67-4AC8-9547-BB6592E66805}.Release|Any CPU.ActiveCfg = Release|Any CPU
		{392F6473-7C67-4AC8-9547-BB6592E66805}.Release|Any CPU.Build.0 = Release|Any CPU
	EndGlobalSection
	GlobalSection(SolutionProperties) = preSolution
		HideSolutionNode = FALSE
	EndGlobalSection
	GlobalSection(ExtensibilityGlobals) = postSolution
		SolutionGuid = {646BF1EF-6FAF-48C1-8494-1537886675D9}
	EndGlobalSection
EndGlobal
