
Microsoft Visual Studio Solution File, Format Version 12.00
# Visual Studio Version 16
VisualStudioVersion = 16.0.31129.286
MinimumVisualStudioVersion = 10.0.40219.1
Project("{FAE04EC0-301F-11D3-BF4B-00C04F79EFBC}") = "PasswordChecker", "PasswordChecker\PasswordChecker.csproj", "{DB532466-D290-4792-8B6D-061513752BA4}"
EndProject
Global
	GlobalSection(SolutionConfigurationPlatforms) = preSolution
		Debug|Any CPU = Debug|Any CPU
		Release|Any CPU = Release|Any CPU
	EndGlobalSection
	GlobalSection(ProjectConfigurationPlatforms) = postSolution
		{DB532466-D290-4792-8B6D-061513752BA4}.Debug|Any CPU.ActiveCfg = Debug|Any CPU
		{DB532466-D290-4792-8B6D-061513752BA4}.Debug|Any CPU.Build.0 = Debug|Any CPU
		{DB532466-D290-4792-8B6D-061513752BA4}.Release|Any CPU.ActiveCfg = Release|Any CPU
		{DB532466-D290-4792-8B6D-061513752BA4}.Release|Any CPU.Build.0 = Release|Any CPU
	EndGlobalSection
	GlobalSection(SolutionProperties) = preSolution
		HideSolutionNode = FALSE
	EndGlobalSection
	GlobalSection(ExtensibilityGlobals) = postSolution
		SolutionGuid = {E8350A50-802F-48AB-89F4-929C11EAC1ED}
	EndGlobalSection
EndGlobal
