
Microsoft Visual Studio Solution File, Format Version 12.00
# Visual Studio Version 16
VisualStudioVersion = 16.0.31129.286
MinimumVisualStudioVersion = 10.0.40219.1
Project("{FAE04EC0-301F-11D3-BF4B-00C04F79EFBC}") = "Validation", "Validation\Validation.csproj", "{8AB5243B-48D1-4056-A182-5A8EA5F24015}"
EndProject
Global
	GlobalSection(SolutionConfigurationPlatforms) = preSolution
		Debug|Any CPU = Debug|Any CPU
		Release|Any CPU = Release|Any CPU
	EndGlobalSection
	GlobalSection(ProjectConfigurationPlatforms) = postSolution
		{8AB5243B-48D1-4056-A182-5A8EA5F24015}.Debug|Any CPU.ActiveCfg = Debug|Any CPU
		{8AB5243B-48D1-4056-A182-5A8EA5F24015}.Debug|Any CPU.Build.0 = Debug|Any CPU
		{8AB5243B-48D1-4056-A182-5A8EA5F24015}.Release|Any CPU.ActiveCfg = Release|Any CPU
		{8AB5243B-48D1-4056-A182-5A8EA5F24015}.Release|Any CPU.Build.0 = Release|Any CPU
	EndGlobalSection
	GlobalSection(SolutionProperties) = preSolution
		HideSolutionNode = FALSE
	EndGlobalSection
	GlobalSection(ExtensibilityGlobals) = postSolution
		SolutionGuid = {F1F637DE-6B4B-4653-9C61-CC0E51498481}
	EndGlobalSection
EndGlobal
