
Microsoft Visual Studio Solution File, Format Version 12.00
# Visual Studio Version 16
VisualStudioVersion = 16.0.31129.286
MinimumVisualStudioVersion = 10.0.40219.1
Project("{FAE04EC0-301F-11D3-BF4B-00C04F79EFBC}") = "GOTApi", "GOTApi\GOTApi.csproj", "{F7FCBEB0-136F-4F59-BAA1-00693BE0547F}"
EndProject
Global
	GlobalSection(SolutionConfigurationPlatforms) = preSolution
		Debug|Any CPU = Debug|Any CPU
		Release|Any CPU = Release|Any CPU
	EndGlobalSection
	GlobalSection(ProjectConfigurationPlatforms) = postSolution
		{F7FCBEB0-136F-4F59-BAA1-00693BE0547F}.Debug|Any CPU.ActiveCfg = Debug|Any CPU
		{F7FCBEB0-136F-4F59-BAA1-00693BE0547F}.Debug|Any CPU.Build.0 = Debug|Any CPU
		{F7FCBEB0-136F-4F59-BAA1-00693BE0547F}.Release|Any CPU.ActiveCfg = Release|Any CPU
		{F7FCBEB0-136F-4F59-BAA1-00693BE0547F}.Release|Any CPU.Build.0 = Release|Any CPU
	EndGlobalSection
	GlobalSection(SolutionProperties) = preSolution
		HideSolutionNode = FALSE
	EndGlobalSection
	GlobalSection(ExtensibilityGlobals) = postSolution
		SolutionGuid = {DC2209ED-AF9B-4A99-A3F5-1F0A36827FE1}
	EndGlobalSection
EndGlobal
